
Microsoft Visual Studio Solution File, Format Version 12.00
# Visual Studio Version 17
VisualStudioVersion = 17.9.34701.34
MinimumVisualStudioVersion = 10.0.40219.1
Project("{FAE04EC0-301F-11D3-BF4B-00C04F79EFBC}") = "hw6-3", "hw6-3\hw6-3.csproj", "{FC75F038-B64A-40E5-B636-3E0B16D6B1D3}"
EndProject
Global
	GlobalSection(SolutionConfigurationPlatforms) = preSolution
		Debug|Any CPU = Debug|Any CPU
		Release|Any CPU = Release|Any CPU
	EndGlobalSection
	GlobalSection(ProjectConfigurationPlatforms) = postSolution
		{FC75F038-B64A-40E5-B636-3E0B16D6B1D3}.Debug|Any CPU.ActiveCfg = Debug|Any CPU
		{FC75F038-B64A-40E5-B636-3E0B16D6B1D3}.Debug|Any CPU.Build.0 = Debug|Any CPU
		{FC75F038-B64A-40E5-B636-3E0B16D6B1D3}.Release|Any CPU.ActiveCfg = Release|Any CPU
		{FC75F038-B64A-40E5-B636-3E0B16D6B1D3}.Release|Any CPU.Build.0 = Release|Any CPU
	EndGlobalSection
	GlobalSection(SolutionProperties) = preSolution
		HideSolutionNode = FALSE
	EndGlobalSection
	GlobalSection(ExtensibilityGlobals) = postSolution
		SolutionGuid = {39FAF9A9-3537-49A9-A744-096C2427F1FF}
	EndGlobalSection
EndGlobal
