
Microsoft Visual Studio Solution File, Format Version 12.00
# Visual Studio Version 17
VisualStudioVersion = 17.9.34701.34
MinimumVisualStudioVersion = 10.0.40219.1
Project("{FAE04EC0-301F-11D3-BF4B-00C04F79EFBC}") = "SimpleDesign", "SimpleDesign\SimpleDesign.csproj", "{38E1933E-8DA3-465E-9C74-5361A7867CAC}"
EndProject
Global
	GlobalSection(SolutionConfigurationPlatforms) = preSolution
		Debug|Any CPU = Debug|Any CPU
		Release|Any CPU = Release|Any CPU
	EndGlobalSection
	GlobalSection(ProjectConfigurationPlatforms) = postSolution
		{38E1933E-8DA3-465E-9C74-5361A7867CAC}.Debug|Any CPU.ActiveCfg = Debug|Any CPU
		{38E1933E-8DA3-465E-9C74-5361A7867CAC}.Debug|Any CPU.Build.0 = Debug|Any CPU
		{38E1933E-8DA3-465E-9C74-5361A7867CAC}.Release|Any CPU.ActiveCfg = Release|Any CPU
		{38E1933E-8DA3-465E-9C74-5361A7867CAC}.Release|Any CPU.Build.0 = Release|Any CPU
	EndGlobalSection
	GlobalSection(SolutionProperties) = preSolution
		HideSolutionNode = FALSE
	EndGlobalSection
	GlobalSection(ExtensibilityGlobals) = postSolution
		SolutionGuid = {161DC7EB-28CB-43AD-AE97-8383B375DE77}
	EndGlobalSection
EndGlobal
