
Microsoft Visual Studio Solution File, Format Version 12.00
# Visual Studio Version 17
VisualStudioVersion = 17.9.34714.143
MinimumVisualStudioVersion = 10.0.40219.1
Project("{FAE04EC0-301F-11D3-BF4B-00C04F79EFBC}") = "4-18-24", "4-18-24\4-18-24.csproj", "{4D3359DD-BCF6-4C9A-AE41-E4F52AC476CD}"
EndProject
Global
	GlobalSection(SolutionConfigurationPlatforms) = preSolution
		Debug|Any CPU = Debug|Any CPU
		Release|Any CPU = Release|Any CPU
	EndGlobalSection
	GlobalSection(ProjectConfigurationPlatforms) = postSolution
		{4D3359DD-BCF6-4C9A-AE41-E4F52AC476CD}.Debug|Any CPU.ActiveCfg = Debug|Any CPU
		{4D3359DD-BCF6-4C9A-AE41-E4F52AC476CD}.Debug|Any CPU.Build.0 = Debug|Any CPU
		{4D3359DD-BCF6-4C9A-AE41-E4F52AC476CD}.Release|Any CPU.ActiveCfg = Release|Any CPU
		{4D3359DD-BCF6-4C9A-AE41-E4F52AC476CD}.Release|Any CPU.Build.0 = Release|Any CPU
	EndGlobalSection
	GlobalSection(SolutionProperties) = preSolution
		HideSolutionNode = FALSE
	EndGlobalSection
	GlobalSection(ExtensibilityGlobals) = postSolution
		SolutionGuid = {2B13B85E-5E29-4964-B62D-93CCA06FA810}
	EndGlobalSection
EndGlobal
