
Microsoft Visual Studio Solution File, Format Version 12.00
# Visual Studio Version 17
VisualStudioVersion = 17.9.34728.123
MinimumVisualStudioVersion = 10.0.40219.1
Project("{FAE04EC0-301F-11D3-BF4B-00C04F79EFBC}") = "HW11_1", "HW11_1\HW11_1.csproj", "{5ABBF40B-B0CD-48B8-96AA-C33E53DE018D}"
EndProject
Global
	GlobalSection(SolutionConfigurationPlatforms) = preSolution
		Debug|Any CPU = Debug|Any CPU
		Release|Any CPU = Release|Any CPU
	EndGlobalSection
	GlobalSection(ProjectConfigurationPlatforms) = postSolution
		{5ABBF40B-B0CD-48B8-96AA-C33E53DE018D}.Debug|Any CPU.ActiveCfg = Debug|Any CPU
		{5ABBF40B-B0CD-48B8-96AA-C33E53DE018D}.Debug|Any CPU.Build.0 = Debug|Any CPU
		{5ABBF40B-B0CD-48B8-96AA-C33E53DE018D}.Release|Any CPU.ActiveCfg = Release|Any CPU
		{5ABBF40B-B0CD-48B8-96AA-C33E53DE018D}.Release|Any CPU.Build.0 = Release|Any CPU
	EndGlobalSection
	GlobalSection(SolutionProperties) = preSolution
		HideSolutionNode = FALSE
	EndGlobalSection
	GlobalSection(ExtensibilityGlobals) = postSolution
		SolutionGuid = {D54A378E-1CD1-4242-8E17-4BC68E313A3D}
	EndGlobalSection
EndGlobal
